
Microsoft Visual Studio Solution File, Format Version 12.00
# Visual Studio 15
VisualStudioVersion = 15.0.28307.421
MinimumVisualStudioVersion = 10.0.40219.1
Project("{9A19103F-16F7-4668-BE54-9A1E7A4F7556}") = "SimECommerce.Web", "SimECommerce\SimECommerce.Web.csproj", "{8761D4CD-D662-4C91-85E9-DB208FD3B5C3}"
EndProject
Project("{9A19103F-16F7-4668-BE54-9A1E7A4F7556}") = "SimECommerceTests", "SimECommerceTests\SimECommerceTests.csproj", "{13DB143F-E239-44D4-8596-9135D505C484}"
EndProject
Project("{9A19103F-16F7-4668-BE54-9A1E7A4F7556}") = "Middleware", "Middleware\Middleware.csproj", "{07F65DEA-C6FB-4D07-8C7C-DD0E4B7BBCFB}"
EndProject
Global
	GlobalSection(SolutionConfigurationPlatforms) = preSolution
		Debug|Any CPU = Debug|Any CPU
		Release|Any CPU = Release|Any CPU
	EndGlobalSection
	GlobalSection(ProjectConfigurationPlatforms) = postSolution
		{8761D4CD-D662-4C91-85E9-DB208FD3B5C3}.Debug|Any CPU.ActiveCfg = Debug|Any CPU
		{8761D4CD-D662-4C91-85E9-DB208FD3B5C3}.Debug|Any CPU.Build.0 = Debug|Any CPU
		{8761D4CD-D662-4C91-85E9-DB208FD3B5C3}.Release|Any CPU.ActiveCfg = Release|Any CPU
		{8761D4CD-D662-4C91-85E9-DB208FD3B5C3}.Release|Any CPU.Build.0 = Release|Any CPU
		{13DB143F-E239-44D4-8596-9135D505C484}.Debug|Any CPU.ActiveCfg = Debug|Any CPU
		{13DB143F-E239-44D4-8596-9135D505C484}.Debug|Any CPU.Build.0 = Debug|Any CPU
		{13DB143F-E239-44D4-8596-9135D505C484}.Release|Any CPU.ActiveCfg = Release|Any CPU
		{13DB143F-E239-44D4-8596-9135D505C484}.Release|Any CPU.Build.0 = Release|Any CPU
		{07F65DEA-C6FB-4D07-8C7C-DD0E4B7BBCFB}.Debug|Any CPU.ActiveCfg = Debug|Any CPU
		{07F65DEA-C6FB-4D07-8C7C-DD0E4B7BBCFB}.Debug|Any CPU.Build.0 = Debug|Any CPU
		{07F65DEA-C6FB-4D07-8C7C-DD0E4B7BBCFB}.Release|Any CPU.ActiveCfg = Release|Any CPU
		{07F65DEA-C6FB-4D07-8C7C-DD0E4B7BBCFB}.Release|Any CPU.Build.0 = Release|Any CPU
	EndGlobalSection
	GlobalSection(SolutionProperties) = preSolution
		HideSolutionNode = FALSE
	EndGlobalSection
	GlobalSection(ExtensibilityGlobals) = postSolution
		SolutionGuid = {2A2D4DE8-3042-4FAC-939F-2C5B4D550B35}
	EndGlobalSection
EndGlobal
